
Microsoft Visual Studio Solution File, Format Version 12.00
# Visual Studio 15
VisualStudioVersion = 15.0.28307.329
MinimumVisualStudioVersion = 10.0.40219.1
Project("{FAE04EC0-301F-11D3-BF4B-00C04F79EFBC}") = "Server", "Server\Server.csproj", "{B263A2D9-2334-47FD-A8E6-4D39F94E3250}"
EndProject
Global
	GlobalSection(SolutionConfigurationPlatforms) = preSolution
		Debug|Any CPU = Debug|Any CPU
		Release|Any CPU = Release|Any CPU
	EndGlobalSection
	GlobalSection(ProjectConfigurationPlatforms) = postSolution
		{B263A2D9-2334-47FD-A8E6-4D39F94E3250}.Debug|Any CPU.ActiveCfg = Debug|Any CPU
		{B263A2D9-2334-47FD-A8E6-4D39F94E3250}.Debug|Any CPU.Build.0 = Debug|Any CPU
		{B263A2D9-2334-47FD-A8E6-4D39F94E3250}.Release|Any CPU.ActiveCfg = Release|Any CPU
		{B263A2D9-2334-47FD-A8E6-4D39F94E3250}.Release|Any CPU.Build.0 = Release|Any CPU
	EndGlobalSection
	GlobalSection(SolutionProperties) = preSolution
		HideSolutionNode = FALSE
	EndGlobalSection
	GlobalSection(ExtensibilityGlobals) = postSolution
		SolutionGuid = {AFEF6ABE-3E55-4869-9AB8-2EA16522F05B}
	EndGlobalSection
EndGlobal
